
Microsoft Visual Studio Solution File, Format Version 12.00
# Visual Studio Version 16
VisualStudioVersion = 16.0.30225.117
MinimumVisualStudioVersion = 10.0.40219.1
Project("{FAE04EC0-301F-11D3-BF4B-00C04F79EFBC}") = "uNews", "uNews\uNews.csproj", "{8DBC9A59-B4ED-416F-867A-2F4492C99CF5}"
EndProject
Global
	GlobalSection(SolutionConfigurationPlatforms) = preSolution
		Debug|Any CPU = Debug|Any CPU
		Release|Any CPU = Release|Any CPU
	EndGlobalSection
	GlobalSection(ProjectConfigurationPlatforms) = postSolution
		{8DBC9A59-B4ED-416F-867A-2F4492C99CF5}.Debug|Any CPU.ActiveCfg = Debug|Any CPU
		{8DBC9A59-B4ED-416F-867A-2F4492C99CF5}.Debug|Any CPU.Build.0 = Debug|Any CPU
		{8DBC9A59-B4ED-416F-867A-2F4492C99CF5}.Release|Any CPU.ActiveCfg = Release|Any CPU
		{8DBC9A59-B4ED-416F-867A-2F4492C99CF5}.Release|Any CPU.Build.0 = Release|Any CPU
	EndGlobalSection
	GlobalSection(SolutionProperties) = preSolution
		HideSolutionNode = FALSE
	EndGlobalSection
	GlobalSection(ExtensibilityGlobals) = postSolution
		SolutionGuid = {8D8A8B99-4148-45C7-93B0-6371DB1394AA}
	EndGlobalSection
EndGlobal
